
Microsoft Visual Studio Solution File, Format Version 12.00
# Visual Studio Version 16
VisualStudioVersion = 16.0.31624.102
MinimumVisualStudioVersion = 10.0.40219.1
Project("{FAE04EC0-301F-11D3-BF4B-00C04F79EFBC}") = "Hasher", "Hasher\Hasher.csproj", "{138B8D66-33B2-4574-863D-F1DE00E95638}"
EndProject
Global
	GlobalSection(SolutionConfigurationPlatforms) = preSolution
		Debug|Any CPU = Debug|Any CPU
		Release|Any CPU = Release|Any CPU
	EndGlobalSection
	GlobalSection(ProjectConfigurationPlatforms) = postSolution
		{138B8D66-33B2-4574-863D-F1DE00E95638}.Debug|Any CPU.ActiveCfg = Debug|Any CPU
		{138B8D66-33B2-4574-863D-F1DE00E95638}.Debug|Any CPU.Build.0 = Debug|Any CPU
		{138B8D66-33B2-4574-863D-F1DE00E95638}.Release|Any CPU.ActiveCfg = Release|Any CPU
		{138B8D66-33B2-4574-863D-F1DE00E95638}.Release|Any CPU.Build.0 = Release|Any CPU
	EndGlobalSection
	GlobalSection(SolutionProperties) = preSolution
		HideSolutionNode = FALSE
	EndGlobalSection
	GlobalSection(ExtensibilityGlobals) = postSolution
		SolutionGuid = {C1642353-5F36-4A96-A0D1-6922A6C710AA}
	EndGlobalSection
EndGlobal
